// !$*UTF8*$!
{
	archiveVersion = 1;
	classes = {
	};
	objectVersion = 77;
	objects = {

/* Begin PBXBuildFile section */
		0084CF5A55CD3C6DDBCFB45B /* tagging_override.json in Resources */ = {isa = PBXBuildFile; fileRef = 8760FEF43B32D5A701C05D5A /* tagging_override.json */; };
		0BA8F5350114997C95817A15 /* ChronicleTests.swift in Sources */ = {isa = PBXBuildFile; fileRef = 1203C189604D52C40C167A2E /* ChronicleTests.swift */; };
		1DB9E2F23518C6880CE09CBC /* cross_midnight.json in Resources */ = {isa = PBXBuildFile; fileRef = 0B8F4AEC54EDB2BCA1EB4DC5 /* cross_midnight.json */; };
		2F8300482F1646EC0023E02F /* Product Requirements Document_ Offline Timeline Activity Tracker (macOS).pdf in Resources */ = {isa = PBXBuildFile; fileRef = 2F8300472F1646EC0023E02F /* Product Requirements Document_ Offline Timeline Activity Tracker (macOS).pdf */; };
		429915FE166D04B9523EED2A /* idle_enter_exit.json in Resources */ = {isa = PBXBuildFile; fileRef = 5A593DB17CCAAB03B384A93A /* idle_enter_exit.json */; };
		4F7369213AC3237B1203D336 /* rapid_switching.json in Resources */ = {isa = PBXBuildFile; fileRef = CB4DF8501218326A0C1CA3D0 /* rapid_switching.json */; };
		A051CF4E0893D9D5BA0EA350 /* basic_switching.json in Resources */ = {isa = PBXBuildFile; fileRef = 1E4F79882FAFED45F764308D /* basic_switching.json */; };
/* End PBXBuildFile section */

/* Begin PBXFileReference section */
		0B8F4AEC54EDB2BCA1EB4DC5 /* cross_midnight.json */ = {isa = PBXFileReference; lastKnownFileType = text.json; path = cross_midnight.json; sourceTree = "<group>"; };
		1203C189604D52C40C167A2E /* ChronicleTests.swift */ = {isa = PBXFileReference; lastKnownFileType = sourcecode.swift; path = ChronicleTests.swift; sourceTree = "<group>"; };
		1E4F79882FAFED45F764308D /* basic_switching.json */ = {isa = PBXFileReference; lastKnownFileType = text.json; path = basic_switching.json; sourceTree = "<group>"; };
		24DDCB6AE1AEE626D3A2AE46 /* ChronicleTests.xctest */ = {isa = PBXFileReference; explicitFileType = wrapper.cfbundle; includeInIndex = 0; path = ChronicleTests.xctest; sourceTree = BUILT_PRODUCTS_DIR; };
		2F8300392F1646840023E02F /* Chronicle.app */ = {isa = PBXFileReference; explicitFileType = wrapper.application; includeInIndex = 0; path = Chronicle.app; sourceTree = BUILT_PRODUCTS_DIR; };
		2F8300472F1646EC0023E02F /* Product Requirements Document_ Offline Timeline Activity Tracker (macOS).pdf */ = {isa = PBXFileReference; lastKnownFileType = image.pdf; path = "Product Requirements Document_ Offline Timeline Activity Tracker (macOS).pdf"; sourceTree = "<group>"; };
		5A593DB17CCAAB03B384A93A /* idle_enter_exit.json */ = {isa = PBXFileReference; lastKnownFileType = text.json; path = idle_enter_exit.json; sourceTree = "<group>"; };
		8760FEF43B32D5A701C05D5A /* tagging_override.json */ = {isa = PBXFileReference; lastKnownFileType = text.json; path = tagging_override.json; sourceTree = "<group>"; };
		CB4DF8501218326A0C1CA3D0 /* rapid_switching.json */ = {isa = PBXFileReference; lastKnownFileType = text.json; path = rapid_switching.json; sourceTree = "<group>"; };
/* End PBXFileReference section */

/* Begin PBXFileSystemSynchronizedRootGroup section */
		2F83003B2F1646840023E02F /* Chronicle */ = {
			isa = PBXFileSystemSynchronizedRootGroup;
			path = Chronicle;
			sourceTree = "<group>";
		};
/* End PBXFileSystemSynchronizedRootGroup section */

/* Begin PBXFrameworksBuildPhase section */
		2560370A4696EF0267CC1A22 /* Frameworks */ = {
			isa = PBXFrameworksBuildPhase;
			buildActionMask = 2147483647;
			files = (
			);
			runOnlyForDeploymentPostprocessing = 0;
		};
		2F8300362F1646840023E02F /* Frameworks */ = {
			isa = PBXFrameworksBuildPhase;
			buildActionMask = 2147483647;
			files = (
			);
			runOnlyForDeploymentPostprocessing = 0;
		};
/* End PBXFrameworksBuildPhase section */

/* Begin PBXGroup section */
		14C8DF5C8F8AED9CD4CAF7B8 /* ChronicleTests */ = {
			isa = PBXGroup;
			children = (
				1203C189604D52C40C167A2E /* ChronicleTests.swift */,
				82E20EE77BC7500257ADC66F /* Fixtures */,
			);
			path = ChronicleTests;
			sourceTree = "<group>";
		};
		2F8300302F1646840023E02F = {
			isa = PBXGroup;
			children = (
				2F83003B2F1646840023E02F /* Chronicle */,
				14C8DF5C8F8AED9CD4CAF7B8 /* ChronicleTests */,
				2F83003A2F1646840023E02F /* Products */,
				2F8300472F1646EC0023E02F /* Product Requirements Document_ Offline Timeline Activity Tracker (macOS).pdf */,
			);
			sourceTree = "<group>";
		};
		2F83003A2F1646840023E02F /* Products */ = {
			isa = PBXGroup;
			children = (
				2F8300392F1646840023E02F /* Chronicle.app */,
				24DDCB6AE1AEE626D3A2AE46 /* ChronicleTests.xctest */,
			);
			name = Products;
			sourceTree = "<group>";
		};
		82E20EE77BC7500257ADC66F /* Fixtures */ = {
			isa = PBXGroup;
			children = (
				1E4F79882FAFED45F764308D /* basic_switching.json */,
				5A593DB17CCAAB03B384A93A /* idle_enter_exit.json */,
				CB4DF8501218326A0C1CA3D0 /* rapid_switching.json */,
				8760FEF43B32D5A701C05D5A /* tagging_override.json */,
				0B8F4AEC54EDB2BCA1EB4DC5 /* cross_midnight.json */,
			);
			path = Fixtures;
			sourceTree = "<group>";
		};
/* End PBXGroup section */

/* Begin PBXNativeTarget section */
		2F8300382F1646840023E02F /* Chronicle */ = {
			isa = PBXNativeTarget;
			buildConfigurationList = 2F8300442F1646840023E02F /* Build configuration list for PBXNativeTarget "Chronicle" */;
			buildPhases = (
				2F8300352F1646840023E02F /* Sources */,
				2F8300362F1646840023E02F /* Frameworks */,
				2F8300372F1646840023E02F /* Resources */,
			);
			buildRules = (
			);
			dependencies = (
			);
			fileSystemSynchronizedGroups = (
				2F83003B2F1646840023E02F /* Chronicle */,
			);
			name = Chronicle;
			packageProductDependencies = (
			);
			productName = Chronicle;
			productReference = 2F8300392F1646840023E02F /* Chronicle.app */;
			productType = "com.apple.product-type.application";
		};
		6403B7CDE144A5C274E39B80 /* ChronicleTests */ = {
			isa = PBXNativeTarget;
			buildConfigurationList = F28E0652B0528E639A8184E9 /* Build configuration list for PBXNativeTarget "ChronicleTests" */;
			buildPhases = (
				7175129424EFA2C7C591455B /* Sources */,
				2560370A4696EF0267CC1A22 /* Frameworks */,
				1873C8A72584091AE7E7BA0A /* Resources */,
			);
			buildRules = (
			);
			dependencies = (
			);
			name = ChronicleTests;
			productName = ChronicleTests;
			productReference = 24DDCB6AE1AEE626D3A2AE46 /* ChronicleTests.xctest */;
			productType = "com.apple.product-type.bundle.unit-test";
		};
/* End PBXNativeTarget section */

/* Begin PBXProject section */
		2F8300312F1646840023E02F /* Project object */ = {
			isa = PBXProject;
			attributes = {
				BuildIndependentTargetsInParallel = 1;
				LastSwiftUpdateCheck = 2620;
				LastUpgradeCheck = 2620;
				TargetAttributes = {
					2F8300382F1646840023E02F = {
						CreatedOnToolsVersion = 26.2;
					};
					6403B7CDE144A5C274E39B80 = {
						CreatedOnToolsVersion = 26.2;
					};
				};
			};
			buildConfigurationList = 2F8300342F1646840023E02F /* Build configuration list for PBXProject "Chronicle" */;
			developmentRegion = en;
			hasScannedForEncodings = 0;
			knownRegions = (
				en,
				Base,
				"zh-Hans",
			);
			mainGroup = 2F8300302F1646840023E02F;
			minimizedProjectReferenceProxies = 1;
			preferredProjectObjectVersion = 77;
			productRefGroup = 2F83003A2F1646840023E02F /* Products */;
			projectDirPath = "";
			projectRoot = "";
			targets = (
				2F8300382F1646840023E02F /* Chronicle */,
				6403B7CDE144A5C274E39B80 /* ChronicleTests */,
			);
		};
/* End PBXProject section */

/* Begin PBXResourcesBuildPhase section */
		1873C8A72584091AE7E7BA0A /* Resources */ = {
			isa = PBXResourcesBuildPhase;
			buildActionMask = 2147483647;
			files = (
				A051CF4E0893D9D5BA0EA350 /* basic_switching.json in Resources */,
				429915FE166D04B9523EED2A /* idle_enter_exit.json in Resources */,
				4F7369213AC3237B1203D336 /* rapid_switching.json in Resources */,
				0084CF5A55CD3C6DDBCFB45B /* tagging_override.json in Resources */,
				1DB9E2F23518C6880CE09CBC /* cross_midnight.json in Resources */,
			);
			runOnlyForDeploymentPostprocessing = 0;
		};
		2F8300372F1646840023E02F /* Resources */ = {
			isa = PBXResourcesBuildPhase;
			buildActionMask = 2147483647;
			files = (
				2F8300482F1646EC0023E02F /* Product Requirements Document_ Offline Timeline Activity Tracker (macOS).pdf in Resources */,
			);
			runOnlyForDeploymentPostprocessing = 0;
		};
/* End PBXResourcesBuildPhase section */

/* Begin PBXSourcesBuildPhase section */
		2F8300352F1646840023E02F /* Sources */ = {
			isa = PBXSourcesBuildPhase;
			buildActionMask = 2147483647;
			files = (
			);
			runOnlyForDeploymentPostprocessing = 0;
		};
		7175129424EFA2C7C591455B /* Sources */ = {
			isa = PBXSourcesBuildPhase;
			buildActionMask = 2147483647;
			files = (
				0BA8F5350114997C95817A15 /* ChronicleTests.swift in Sources */,
			);
			runOnlyForDeploymentPostprocessing = 0;
		};
/* End PBXSourcesBuildPhase section */

/* Begin XCBuildConfiguration section */
		2F8300422F1646840023E02F /* Debug */ = {
			isa = XCBuildConfiguration;
			buildSettings = {
				ALWAYS_SEARCH_USER_PATHS = NO;
				ASSETCATALOG_COMPILER_GENERATE_SWIFT_ASSET_SYMBOL_EXTENSIONS = YES;
				CLANG_ANALYZER_NONNULL = YES;
				CLANG_ANALYZER_NUMBER_OBJECT_CONVERSION = YES_AGGRESSIVE;
				CLANG_CXX_LANGUAGE_STANDARD = "gnu++20";
				CLANG_ENABLE_MODULES = YES;
				CLANG_ENABLE_OBJC_ARC = YES;
				CLANG_ENABLE_OBJC_WEAK = YES;
				CLANG_WARN_BLOCK_CAPTURE_AUTORELEASING = YES;
				CLANG_WARN_BOOL_CONVERSION = YES;
				CLANG_WARN_COMMA = YES;
				CLANG_WARN_CONSTANT_CONVERSION = YES;
				CLANG_WARN_DEPRECATED_OBJC_IMPLEMENTATIONS = YES;
				CLANG_WARN_DIRECT_OBJC_ISA_USAGE = YES_ERROR;
				CLANG_WARN_DOCUMENTATION_COMMENTS = YES;
				CLANG_WARN_EMPTY_BODY = YES;
				CLANG_WARN_ENUM_CONVERSION = YES;
				CLANG_WARN_INFINITE_RECURSION = YES;
				CLANG_WARN_INT_CONVERSION = YES;
				CLANG_WARN_NON_LITERAL_NULL_CONVERSION = YES;
				CLANG_WARN_OBJC_IMPLICIT_RETAIN_SELF = YES;
				CLANG_WARN_OBJC_LITERAL_CONVERSION = YES;
				CLANG_WARN_OBJC_ROOT_CLASS = YES_ERROR;
				CLANG_WARN_QUOTED_INCLUDE_IN_FRAMEWORK_HEADER = YES;
				CLANG_WARN_RANGE_LOOP_ANALYSIS = YES;
				CLANG_WARN_STRICT_PROTOTYPES = YES;
				CLANG_WARN_SUSPICIOUS_MOVE = YES;
				CLANG_WARN_UNGUARDED_AVAILABILITY = YES_AGGRESSIVE;
				CLANG_WARN_UNREACHABLE_CODE = YES;
				CLANG_WARN__DUPLICATE_METHOD_MATCH = YES;
				COPY_PHASE_STRIP = NO;
				DEBUG_INFORMATION_FORMAT = dwarf;
				ENABLE_STRICT_OBJC_MSGSEND = YES;
				ENABLE_TESTABILITY = YES;
				ENABLE_USER_SCRIPT_SANDBOXING = YES;
				GCC_C_LANGUAGE_STANDARD = gnu17;
				GCC_DYNAMIC_NO_PIC = NO;
				GCC_NO_COMMON_BLOCKS = YES;
				GCC_OPTIMIZATION_LEVEL = 0;
				GCC_PREPROCESSOR_DEFINITIONS = (
					"DEBUG=1",
					"$(inherited)",
				);
				GCC_WARN_64_TO_32_BIT_CONVERSION = YES;
				GCC_WARN_ABOUT_RETURN_TYPE = YES_ERROR;
				GCC_WARN_UNDECLARED_SELECTOR = YES;
				GCC_WARN_UNINITIALIZED_AUTOS = YES_AGGRESSIVE;
				GCC_WARN_UNUSED_FUNCTION = YES;
				GCC_WARN_UNUSED_VARIABLE = YES;
				LOCALIZATION_PREFERS_STRING_CATALOGS = YES;
				MACOSX_DEPLOYMENT_TARGET = 26.1;
				MTL_ENABLE_DEBUG_INFO = INCLUDE_SOURCE;
				MTL_FAST_MATH = YES;
				ONLY_ACTIVE_ARCH = YES;
				SDKROOT = macosx;
				SWIFT_ACTIVE_COMPILATION_CONDITIONS = "DEBUG $(inherited)";
				SWIFT_OPTIMIZATION_LEVEL = "-Onone";
			};
			name = Debug;
		};
		2F8300432F1646840023E02F /* Release */ = {
			isa = XCBuildConfiguration;
			buildSettings = {
				ALWAYS_SEARCH_USER_PATHS = NO;
				ASSETCATALOG_COMPILER_GENERATE_SWIFT_ASSET_SYMBOL_EXTENSIONS = YES;
				CLANG_ANALYZER_NONNULL = YES;
				CLANG_ANALYZER_NUMBER_OBJECT_CONVERSION = YES_AGGRESSIVE;
				CLANG_CXX_LANGUAGE_STANDARD = "gnu++20";
				CLANG_ENABLE_MODULES = YES;
				CLANG_ENABLE_OBJC_ARC = YES;
				CLANG_ENABLE_OBJC_WEAK = YES;
				CLANG_WARN_BLOCK_CAPTURE_AUTORELEASING = YES;
				CLANG_WARN_BOOL_CONVERSION = YES;
				CLANG_WARN_COMMA = YES;
				CLANG_WARN_CONSTANT_CONVERSION = YES;
				CLANG_WARN_DEPRECATED_OBJC_IMPLEMENTATIONS = YES;
				CLANG_WARN_DIRECT_OBJC_ISA_USAGE = YES_ERROR;
				CLANG_WARN_DOCUMENTATION_COMMENTS = YES;
				CLANG_WARN_EMPTY_BODY = YES;
				CLANG_WARN_ENUM_CONVERSION = YES;
				CLANG_WARN_INFINITE_RECURSION = YES;
				CLANG_WARN_INT_CONVERSION = YES;
				CLANG_WARN_NON_LITERAL_NULL_CONVERSION = YES;
				CLANG_WARN_OBJC_IMPLICIT_RETAIN_SELF = YES;
				CLANG_WARN_OBJC_LITERAL_CONVERSION = YES;
				CLANG_WARN_OBJC_ROOT_CLASS = YES_ERROR;
				CLANG_WARN_QUOTED_INCLUDE_IN_FRAMEWORK_HEADER = YES;
				CLANG_WARN_RANGE_LOOP_ANALYSIS = YES;
				CLANG_WARN_STRICT_PROTOTYPES = YES;
				CLANG_WARN_SUSPICIOUS_MOVE = YES;
				CLANG_WARN_UNGUARDED_AVAILABILITY = YES_AGGRESSIVE;
				CLANG_WARN_UNREACHABLE_CODE = YES;
				CLANG_WARN__DUPLICATE_METHOD_MATCH = YES;
				COPY_PHASE_STRIP = NO;
				DEBUG_INFORMATION_FORMAT = "dwarf-with-dsym";
				ENABLE_NS_ASSERTIONS = NO;
				ENABLE_STRICT_OBJC_MSGSEND = YES;
				ENABLE_USER_SCRIPT_SANDBOXING = YES;
				GCC_C_LANGUAGE_STANDARD = gnu17;
				GCC_NO_COMMON_BLOCKS = YES;
				GCC_WARN_64_TO_32_BIT_CONVERSION = YES;
				GCC_WARN_ABOUT_RETURN_TYPE = YES_ERROR;
				GCC_WARN_UNDECLARED_SELECTOR = YES;
				GCC_WARN_UNINITIALIZED_AUTOS = YES_AGGRESSIVE;
				GCC_WARN_UNUSED_FUNCTION = YES;
				GCC_WARN_UNUSED_VARIABLE = YES;
				LOCALIZATION_PREFERS_STRING_CATALOGS = YES;
				MACOSX_DEPLOYMENT_TARGET = 26.1;
				MTL_ENABLE_DEBUG_INFO = NO;
				MTL_FAST_MATH = YES;
				SDKROOT = macosx;
				SWIFT_COMPILATION_MODE = wholemodule;
			};
			name = Release;
		};
		2F8300452F1646840023E02F /* Debug */ = {
			isa = XCBuildConfiguration;
			buildSettings = {
				ASSETCATALOG_COMPILER_APPICON_NAME = AppIcon;
				ASSETCATALOG_COMPILER_GLOBAL_ACCENT_COLOR_NAME = AccentColor;
				CODE_SIGN_STYLE = Automatic;
				COMBINE_HIDPI_IMAGES = YES;
				CURRENT_PROJECT_VERSION = 1;
				ENABLE_APP_SANDBOX = YES;
				ENABLE_PREVIEWS = YES;
				ENABLE_USER_SELECTED_FILES = "read-write";
				GENERATE_INFOPLIST_FILE = YES;
				INFOPLIST_KEY_NSHumanReadableCopyright = "";
				LD_RUNPATH_SEARCH_PATHS = (
					"$(inherited)",
					"@executable_path/../Frameworks",
				);
				MARKETING_VERSION = 1.0;
				PRODUCT_BUNDLE_IDENTIFIER = com.Chronicle.Chronicle;
				PRODUCT_NAME = "$(TARGET_NAME)";
				REGISTER_APP_GROUPS = YES;
				STRING_CATALOG_GENERATE_SYMBOLS = YES;
				SWIFT_APPROACHABLE_CONCURRENCY = YES;
				SWIFT_DEFAULT_ACTOR_ISOLATION = MainActor;
				SWIFT_EMIT_LOC_STRINGS = YES;
				SWIFT_UPCOMING_FEATURE_MEMBER_IMPORT_VISIBILITY = YES;
				SWIFT_VERSION = 5.0;
			};
			name = Debug;
		};
		2F8300462F1646840023E02F /* Release */ = {
			isa = XCBuildConfiguration;
			buildSettings = {
				ASSETCATALOG_COMPILER_APPICON_NAME = AppIcon;
				ASSETCATALOG_COMPILER_GLOBAL_ACCENT_COLOR_NAME = AccentColor;
				CODE_SIGN_STYLE = Automatic;
				COMBINE_HIDPI_IMAGES = YES;
				CURRENT_PROJECT_VERSION = 1;
				ENABLE_APP_SANDBOX = YES;
				ENABLE_PREVIEWS = YES;
				ENABLE_USER_SELECTED_FILES = "read-write";
				GENERATE_INFOPLIST_FILE = YES;
				INFOPLIST_KEY_NSHumanReadableCopyright = "";
				LD_RUNPATH_SEARCH_PATHS = (
					"$(inherited)",
					"@executable_path/../Frameworks",
				);
				MARKETING_VERSION = 1.0;
				PRODUCT_BUNDLE_IDENTIFIER = com.Chronicle.Chronicle;
				PRODUCT_NAME = "$(TARGET_NAME)";
				REGISTER_APP_GROUPS = YES;
				STRING_CATALOG_GENERATE_SYMBOLS = YES;
				SWIFT_APPROACHABLE_CONCURRENCY = YES;
				SWIFT_DEFAULT_ACTOR_ISOLATION = MainActor;
				SWIFT_EMIT_LOC_STRINGS = YES;
				SWIFT_UPCOMING_FEATURE_MEMBER_IMPORT_VISIBILITY = YES;
				SWIFT_VERSION = 5.0;
			};
			name = Release;
		};
		7E6BBAF5D514BD95C5D93813 /* Debug */ = {
			isa = XCBuildConfiguration;
			buildSettings = {
				ALWAYS_SEARCH_USER_PATHS = NO;
				BUNDLE_LOADER = "$(TEST_HOST)";
				CODE_SIGNING_ALLOWED = NO;
				CODE_SIGN_IDENTITY = "";
				DEBUG_INFORMATION_FORMAT = dwarf;
				ENABLE_HARDENED_RUNTIME = NO;
				ENABLE_TESTABILITY = YES;
				GENERATE_INFOPLIST_FILE = YES;
				INFOPLIST_KEY_CFBundleDisplayName = ChronicleTests;
				LD_RUNPATH_SEARCH_PATHS = (
					"$(inherited)",
					"@executable_path/../Frameworks",
					"@loader_path/../Frameworks",
				);
				MACOSX_DEPLOYMENT_TARGET = 26.1;
				PRODUCT_BUNDLE_IDENTIFIER = com.Chronicle.ChronicleTests;
				PRODUCT_NAME = ChronicleTests;
				SWIFT_ACTIVE_COMPILATION_CONDITIONS = "DEBUG $(inherited)";
				SWIFT_OPTIMIZATION_LEVEL = "-Onone";
				TEST_HOST = "$(BUILT_PRODUCTS_DIR)/Chronicle.app/Contents/MacOS/Chronicle";
			};
			name = Debug;
		};
		E8CF321D0B5CAE113499943A /* Release */ = {
			isa = XCBuildConfiguration;
			buildSettings = {
				ALWAYS_SEARCH_USER_PATHS = NO;
				BUNDLE_LOADER = "$(TEST_HOST)";
				CODE_SIGNING_ALLOWED = NO;
				CODE_SIGN_IDENTITY = "";
				DEBUG_INFORMATION_FORMAT = dwarf;
				ENABLE_HARDENED_RUNTIME = NO;
				GENERATE_INFOPLIST_FILE = YES;
				INFOPLIST_KEY_CFBundleDisplayName = ChronicleTests;
				LD_RUNPATH_SEARCH_PATHS = (
					"$(inherited)",
					"@executable_path/../Frameworks",
					"@loader_path/../Frameworks",
				);
				MACOSX_DEPLOYMENT_TARGET = 26.1;
				PRODUCT_BUNDLE_IDENTIFIER = com.Chronicle.ChronicleTests;
				PRODUCT_NAME = ChronicleTests;
				SWIFT_ACTIVE_COMPILATION_CONDITIONS = "$(inherited)";
				TEST_HOST = "$(BUILT_PRODUCTS_DIR)/Chronicle.app/Contents/MacOS/Chronicle";
			};
			name = Release;
		};
/* End XCBuildConfiguration section */

/* Begin XCConfigurationList section */
		2F8300342F1646840023E02F /* Build configuration list for PBXProject "Chronicle" */ = {
			isa = XCConfigurationList;
			buildConfigurations = (
				2F8300422F1646840023E02F /* Debug */,
				2F8300432F1646840023E02F /* Release */,
			);
			defaultConfigurationIsVisible = 0;
			defaultConfigurationName = Release;
		};
		2F8300442F1646840023E02F /* Build configuration list for PBXNativeTarget "Chronicle" */ = {
			isa = XCConfigurationList;
			buildConfigurations = (
				2F8300452F1646840023E02F /* Debug */,
				2F8300462F1646840023E02F /* Release */,
			);
			defaultConfigurationIsVisible = 0;
			defaultConfigurationName = Release;
		};
		F28E0652B0528E639A8184E9 /* Build configuration list for PBXNativeTarget "ChronicleTests" */ = {
			isa = XCConfigurationList;
			buildConfigurations = (
				7E6BBAF5D514BD95C5D93813 /* Debug */,
				E8CF321D0B5CAE113499943A /* Release */,
			);
			defaultConfigurationIsVisible = 0;
			defaultConfigurationName = Release;
		};
/* End XCConfigurationList section */
	};
	rootObject = 2F8300312F1646840023E02F /* Project object */;
}
